
Microsoft Visual Studio Solution File, Format Version 12.00
# Visual Studio 15
VisualStudioVersion = 15.0.28307.421
MinimumVisualStudioVersion = 10.0.40219.1
Project("{FAE04EC0-301F-11D3-BF4B-00C04F79EFBC}") = "Day1", "Day1\Day1.csproj", "{8C7F7B08-C2A2-433F-8FED-7DC5B89FF6B2}"
EndProject
Project("{FAE04EC0-301F-11D3-BF4B-00C04F79EFBC}") = "Day1UnitTests", "Day1UnitTests\Day1UnitTests.csproj", "{4662864F-90CB-40AA-B36B-D50966BC89D1}"
EndProject
Project("{FAE04EC0-301F-11D3-BF4B-00C04F79EFBC}") = "Day2", "Day2\Day2.csproj", "{63CBD723-68BB-459B-9348-903CE568700F}"
EndProject
Project("{FAE04EC0-301F-11D3-BF4B-00C04F79EFBC}") = "Day2UnitTests", "Day2UnitTests\Day2UnitTests.csproj", "{013AFA17-293B-4518-A5B7-7CD0D729853F}"
EndProject
Project("{FAE04EC0-301F-11D3-BF4B-00C04F79EFBC}") = "Day3", "Day3\Day3.csproj", "{16B3FE8B-FEF6-483D-99A8-B7D9F9C3687C}"
EndProject
Project("{FAE04EC0-301F-11D3-BF4B-00C04F79EFBC}") = "Day3UnitTests", "Day3UnitTests\Day3UnitTests.csproj", "{CD4EE841-9C49-45A6-A109-4244AE37CC8D}"
EndProject
Project("{FAE04EC0-301F-11D3-BF4B-00C04F79EFBC}") = "Day4", "Day4\Day4.csproj", "{ECA3FE02-E21A-4570-8DF0-99CC18792D08}"
EndProject
Project("{FAE04EC0-301F-11D3-BF4B-00C04F79EFBC}") = "Day4UnitTests", "Day4UnitTests\Day4UnitTests.csproj", "{EE4E684A-74A9-4350-8FDB-4F48AC9982DD}"
EndProject
Global
	GlobalSection(SolutionConfigurationPlatforms) = preSolution
		Debug|Any CPU = Debug|Any CPU
		Release|Any CPU = Release|Any CPU
	EndGlobalSection
	GlobalSection(ProjectConfigurationPlatforms) = postSolution
		{8C7F7B08-C2A2-433F-8FED-7DC5B89FF6B2}.Debug|Any CPU.ActiveCfg = Debug|Any CPU
		{8C7F7B08-C2A2-433F-8FED-7DC5B89FF6B2}.Debug|Any CPU.Build.0 = Debug|Any CPU
		{8C7F7B08-C2A2-433F-8FED-7DC5B89FF6B2}.Release|Any CPU.ActiveCfg = Release|Any CPU
		{8C7F7B08-C2A2-433F-8FED-7DC5B89FF6B2}.Release|Any CPU.Build.0 = Release|Any CPU
		{4662864F-90CB-40AA-B36B-D50966BC89D1}.Debug|Any CPU.ActiveCfg = Debug|Any CPU
		{4662864F-90CB-40AA-B36B-D50966BC89D1}.Debug|Any CPU.Build.0 = Debug|Any CPU
		{4662864F-90CB-40AA-B36B-D50966BC89D1}.Release|Any CPU.ActiveCfg = Release|Any CPU
		{4662864F-90CB-40AA-B36B-D50966BC89D1}.Release|Any CPU.Build.0 = Release|Any CPU
		{63CBD723-68BB-459B-9348-903CE568700F}.Debug|Any CPU.ActiveCfg = Debug|Any CPU
		{63CBD723-68BB-459B-9348-903CE568700F}.Debug|Any CPU.Build.0 = Debug|Any CPU
		{63CBD723-68BB-459B-9348-903CE568700F}.Release|Any CPU.ActiveCfg = Release|Any CPU
		{63CBD723-68BB-459B-9348-903CE568700F}.Release|Any CPU.Build.0 = Release|Any CPU
		{013AFA17-293B-4518-A5B7-7CD0D729853F}.Debug|Any CPU.ActiveCfg = Debug|Any CPU
		{013AFA17-293B-4518-A5B7-7CD0D729853F}.Debug|Any CPU.Build.0 = Debug|Any CPU
		{013AFA17-293B-4518-A5B7-7CD0D729853F}.Release|Any CPU.ActiveCfg = Release|Any CPU
		{013AFA17-293B-4518-A5B7-7CD0D729853F}.Release|Any CPU.Build.0 = Release|Any CPU
		{16B3FE8B-FEF6-483D-99A8-B7D9F9C3687C}.Debug|Any CPU.ActiveCfg = Debug|Any CPU
		{16B3FE8B-FEF6-483D-99A8-B7D9F9C3687C}.Debug|Any CPU.Build.0 = Debug|Any CPU
		{16B3FE8B-FEF6-483D-99A8-B7D9F9C3687C}.Release|Any CPU.ActiveCfg = Release|Any CPU
		{16B3FE8B-FEF6-483D-99A8-B7D9F9C3687C}.Release|Any CPU.Build.0 = Release|Any CPU
		{CD4EE841-9C49-45A6-A109-4244AE37CC8D}.Debug|Any CPU.ActiveCfg = Debug|Any CPU
		{CD4EE841-9C49-45A6-A109-4244AE37CC8D}.Debug|Any CPU.Build.0 = Debug|Any CPU
		{CD4EE841-9C49-45A6-A109-4244AE37CC8D}.Release|Any CPU.ActiveCfg = Release|Any CPU
		{CD4EE841-9C49-45A6-A109-4244AE37CC8D}.Release|Any CPU.Build.0 = Release|Any CPU
		{ECA3FE02-E21A-4570-8DF0-99CC18792D08}.Debug|Any CPU.ActiveCfg = Debug|Any CPU
		{ECA3FE02-E21A-4570-8DF0-99CC18792D08}.Debug|Any CPU.Build.0 = Debug|Any CPU
		{ECA3FE02-E21A-4570-8DF0-99CC18792D08}.Release|Any CPU.ActiveCfg = Release|Any CPU
		{ECA3FE02-E21A-4570-8DF0-99CC18792D08}.Release|Any CPU.Build.0 = Release|Any CPU
		{EE4E684A-74A9-4350-8FDB-4F48AC9982DD}.Debug|Any CPU.ActiveCfg = Debug|Any CPU
		{EE4E684A-74A9-4350-8FDB-4F48AC9982DD}.Debug|Any CPU.Build.0 = Debug|Any CPU
		{EE4E684A-74A9-4350-8FDB-4F48AC9982DD}.Release|Any CPU.ActiveCfg = Release|Any CPU
		{EE4E684A-74A9-4350-8FDB-4F48AC9982DD}.Release|Any CPU.Build.0 = Release|Any CPU
	EndGlobalSection
	GlobalSection(SolutionProperties) = preSolution
		HideSolutionNode = FALSE
	EndGlobalSection
	GlobalSection(ExtensibilityGlobals) = postSolution
		SolutionGuid = {752BD28A-528B-493B-BBA2-52D82BA8B5BA}
	EndGlobalSection
EndGlobal
